
Microsoft Visual Studio Solution File, Format Version 12.00
# Visual Studio Version 16
VisualStudioVersion = 16.0.31129.286
MinimumVisualStudioVersion = 10.0.40219.1
Project("{FAE04EC0-301F-11D3-BF4B-00C04F79EFBC}") = "NanolekPrototype", "NanolekPrototype\NanolekPrototype.csproj", "{F3F3BFA4-0FF8-4FCA-A03E-6BB302AC4B0E}"
EndProject
Global
	GlobalSection(SolutionConfigurationPlatforms) = preSolution
		Debug|Any CPU = Debug|Any CPU
		Release|Any CPU = Release|Any CPU
	EndGlobalSection
	GlobalSection(ProjectConfigurationPlatforms) = postSolution
		{F3F3BFA4-0FF8-4FCA-A03E-6BB302AC4B0E}.Debug|Any CPU.ActiveCfg = Debug|Any CPU
		{F3F3BFA4-0FF8-4FCA-A03E-6BB302AC4B0E}.Debug|Any CPU.Build.0 = Debug|Any CPU
		{F3F3BFA4-0FF8-4FCA-A03E-6BB302AC4B0E}.Release|Any CPU.ActiveCfg = Release|Any CPU
		{F3F3BFA4-0FF8-4FCA-A03E-6BB302AC4B0E}.Release|Any CPU.Build.0 = Release|Any CPU
	EndGlobalSection
	GlobalSection(SolutionProperties) = preSolution
		HideSolutionNode = FALSE
	EndGlobalSection
	GlobalSection(ExtensibilityGlobals) = postSolution
		SolutionGuid = {47D91162-CACE-4CDC-9342-07688CB6C890}
	EndGlobalSection
EndGlobal
