
Microsoft Visual Studio Solution File, Format Version 12.00
# Visual Studio Version 16
VisualStudioVersion = 16.0.31129.286
MinimumVisualStudioVersion = 10.0.40219.1
Project("{9A19103F-16F7-4668-BE54-9A1E7A4F7556}") = "NanolekPrototype", "NanolekPrototype\NanolekPrototype.csproj", "{F3F3BFA4-0FF8-4FCA-A03E-6BB302AC4B0E}"
EndProject
Project("{9A19103F-16F7-4668-BE54-9A1E7A4F7556}") = "NanolekPrototype.EntityModels", "NanolekPrototype.Domain\NanolekPrototype.EntityModels.csproj", "{FBBF06DC-D91F-4CA4-B8BB-33E43189B0B4}"
EndProject
Project("{9A19103F-16F7-4668-BE54-9A1E7A4F7556}") = "NanolekPrototype.Context", "NanolekPrototype.Context\NanolekPrototype.Context.csproj", "{0ABD5B03-7A8D-402D-8F97-35F689CF436E}"
EndProject
Global
	GlobalSection(SolutionConfigurationPlatforms) = preSolution
		Debug|Any CPU = Debug|Any CPU
		Release|Any CPU = Release|Any CPU
	EndGlobalSection
	GlobalSection(ProjectConfigurationPlatforms) = postSolution
		{F3F3BFA4-0FF8-4FCA-A03E-6BB302AC4B0E}.Debug|Any CPU.ActiveCfg = Debug|Any CPU
		{F3F3BFA4-0FF8-4FCA-A03E-6BB302AC4B0E}.Debug|Any CPU.Build.0 = Debug|Any CPU
		{F3F3BFA4-0FF8-4FCA-A03E-6BB302AC4B0E}.Release|Any CPU.ActiveCfg = Release|Any CPU
		{F3F3BFA4-0FF8-4FCA-A03E-6BB302AC4B0E}.Release|Any CPU.Build.0 = Release|Any CPU
		{FBBF06DC-D91F-4CA4-B8BB-33E43189B0B4}.Debug|Any CPU.ActiveCfg = Debug|Any CPU
		{FBBF06DC-D91F-4CA4-B8BB-33E43189B0B4}.Debug|Any CPU.Build.0 = Debug|Any CPU
		{FBBF06DC-D91F-4CA4-B8BB-33E43189B0B4}.Release|Any CPU.ActiveCfg = Release|Any CPU
		{FBBF06DC-D91F-4CA4-B8BB-33E43189B0B4}.Release|Any CPU.Build.0 = Release|Any CPU
		{0ABD5B03-7A8D-402D-8F97-35F689CF436E}.Debug|Any CPU.ActiveCfg = Debug|Any CPU
		{0ABD5B03-7A8D-402D-8F97-35F689CF436E}.Debug|Any CPU.Build.0 = Debug|Any CPU
		{0ABD5B03-7A8D-402D-8F97-35F689CF436E}.Release|Any CPU.ActiveCfg = Release|Any CPU
		{0ABD5B03-7A8D-402D-8F97-35F689CF436E}.Release|Any CPU.Build.0 = Release|Any CPU
	EndGlobalSection
	GlobalSection(SolutionProperties) = preSolution
		HideSolutionNode = FALSE
	EndGlobalSection
	GlobalSection(ExtensibilityGlobals) = postSolution
		SolutionGuid = {47D91162-CACE-4CDC-9342-07688CB6C890}
	EndGlobalSection
EndGlobal
